
Microsoft Visual Studio Solution File, Format Version 12.00
# Visual Studio Version 16
VisualStudioVersion = 16.0.31424.327
MinimumVisualStudioVersion = 10.0.40219.1
Project("{9A19103F-16F7-4668-BE54-9A1E7A4F7556}") = "EveryValue", "EveryValue.csproj", "{A0EE4C90-6C09-4E3D-829B-7154033283FB}"
EndProject
Global
	GlobalSection(SolutionConfigurationPlatforms) = preSolution
		Debug|Any CPU = Debug|Any CPU
		Release|Any CPU = Release|Any CPU
	EndGlobalSection
	GlobalSection(ProjectConfigurationPlatforms) = postSolution
		{A0EE4C90-6C09-4E3D-829B-7154033283FB}.Debug|Any CPU.ActiveCfg = Debug|Any CPU
		{A0EE4C90-6C09-4E3D-829B-7154033283FB}.Debug|Any CPU.Build.0 = Debug|Any CPU
		{A0EE4C90-6C09-4E3D-829B-7154033283FB}.Release|Any CPU.ActiveCfg = Release|Any CPU
		{A0EE4C90-6C09-4E3D-829B-7154033283FB}.Release|Any CPU.Build.0 = Release|Any CPU
	EndGlobalSection
	GlobalSection(SolutionProperties) = preSolution
		HideSolutionNode = FALSE
	EndGlobalSection
	GlobalSection(ExtensibilityGlobals) = postSolution
		SolutionGuid = {4938B959-91B6-4449-BF30-70ED05AFA40D}
	EndGlobalSection
EndGlobal
